// !$*UTF8*$!
{
	archiveVersion = 1;
	classes = {
	};
	objectVersion = 56;
	objects = {

/* Begin PBXBuildFile section */
		FA1B684A2A78063500ADBAF7 /* FollowersViewController.swift in Sources */ = {isa = PBXBuildFile; fileRef = FA1B68492A78063500ADBAF7 /* FollowersViewController.swift */; };
		FA803EB72A6306A300DBBBCC /* AppDelegate.swift in Sources */ = {isa = PBXBuildFile; fileRef = FA803EB62A6306A300DBBBCC /* AppDelegate.swift */; };
		FA803EB92A6306A300DBBBCC /* SceneDelegate.swift in Sources */ = {isa = PBXBuildFile; fileRef = FA803EB82A6306A300DBBBCC /* SceneDelegate.swift */; };
		FA803EBB2A6306A300DBBBCC /* ViewController.swift in Sources */ = {isa = PBXBuildFile; fileRef = FA803EBA2A6306A300DBBBCC /* ViewController.swift */; };
		FA803EBE2A6306A300DBBBCC /* Main.storyboard in Resources */ = {isa = PBXBuildFile; fileRef = FA803EBC2A6306A300DBBBCC /* Main.storyboard */; };
		FA803EC02A6306A400DBBBCC /* Assets.xcassets in Resources */ = {isa = PBXBuildFile; fileRef = FA803EBF2A6306A400DBBBCC /* Assets.xcassets */; };
		FA803EC32A6306A400DBBBCC /* LaunchScreen.storyboard in Resources */ = {isa = PBXBuildFile; fileRef = FA803EC12A6306A400DBBBCC /* LaunchScreen.storyboard */; };
		FAE618252A73AE3D00115369 /* DetailViewController.swift in Sources */ = {isa = PBXBuildFile; fileRef = FAE618242A73AE3D00115369 /* DetailViewController.swift */; };
/* End PBXBuildFile section */

/* Begin PBXFileReference section */
		FA1B68492A78063500ADBAF7 /* FollowersViewController.swift */ = {isa = PBXFileReference; lastKnownFileType = sourcecode.swift; path = FollowersViewController.swift; sourceTree = "<group>"; };
		FA803EB32A6306A300DBBBCC /* Github-Network-Call.app */ = {isa = PBXFileReference; explicitFileType = wrapper.application; includeInIndex = 0; path = "Github-Network-Call.app"; sourceTree = BUILT_PRODUCTS_DIR; };
		FA803EB62A6306A300DBBBCC /* AppDelegate.swift */ = {isa = PBXFileReference; lastKnownFileType = sourcecode.swift; path = AppDelegate.swift; sourceTree = "<group>"; };
		FA803EB82A6306A300DBBBCC /* SceneDelegate.swift */ = {isa = PBXFileReference; lastKnownFileType = sourcecode.swift; path = SceneDelegate.swift; sourceTree = "<group>"; };
		FA803EBA2A6306A300DBBBCC /* ViewController.swift */ = {isa = PBXFileReference; lastKnownFileType = sourcecode.swift; path = ViewController.swift; sourceTree = "<group>"; };
		FA803EBD2A6306A300DBBBCC /* Base */ = {isa = PBXFileReference; lastKnownFileType = file.storyboard; name = Base; path = Base.lproj/Main.storyboard; sourceTree = "<group>"; };
		FA803EBF2A6306A400DBBBCC /* Assets.xcassets */ = {isa = PBXFileReference; lastKnownFileType = folder.assetcatalog; path = Assets.xcassets; sourceTree = "<group>"; };
		FA803EC22A6306A400DBBBCC /* Base */ = {isa = PBXFileReference; lastKnownFileType = file.storyboard; name = Base; path = Base.lproj/LaunchScreen.storyboard; sourceTree = "<group>"; };
		FA803EC42A6306A400DBBBCC /* Info.plist */ = {isa = PBXFileReference; lastKnownFileType = text.plist.xml; path = Info.plist; sourceTree = "<group>"; };
		FAE618242A73AE3D00115369 /* DetailViewController.swift */ = {isa = PBXFileReference; lastKnownFileType = sourcecode.swift; path = DetailViewController.swift; sourceTree = "<group>"; };
/* End PBXFileReference section */

/* Begin PBXFrameworksBuildPhase section */
		FA803EB02A6306A300DBBBCC /* Frameworks */ = {
			isa = PBXFrameworksBuildPhase;
			buildActionMask = 2147483647;
			files = (
			);
			runOnlyForDeploymentPostprocessing = 0;
		};
/* End PBXFrameworksBuildPhase section */

/* Begin PBXGroup section */
		FA803EAA2A6306A300DBBBCC = {
			isa = PBXGroup;
			children = (
				FA803EB52A6306A300DBBBCC /* Github-Network-Call */,
				FA803EB42A6306A300DBBBCC /* Products */,
			);
			sourceTree = "<group>";
		};
		FA803EB42A6306A300DBBBCC /* Products */ = {
			isa = PBXGroup;
			children = (
				FA803EB32A6306A300DBBBCC /* Github-Network-Call.app */,
			);
			name = Products;
			sourceTree = "<group>";
		};
		FA803EB52A6306A300DBBBCC /* Github-Network-Call */ = {
			isa = PBXGroup;
			children = (
				FA803EC42A6306A400DBBBCC /* Info.plist */,
				FAE618202A73ADC400115369 /* ViewControllers */,
				FAE618222A73AE0300115369 /* Storyboards */,
				FAE618232A73AE1300115369 /* Assets */,
				FAE618212A73ADF600115369 /* Delegates */,
			);
			path = "Github-Network-Call";
			sourceTree = "<group>";
		};
		FAE618202A73ADC400115369 /* ViewControllers */ = {
			isa = PBXGroup;
			children = (
				FA803EBA2A6306A300DBBBCC /* ViewController.swift */,
				FAE618242A73AE3D00115369 /* DetailViewController.swift */,
				FA1B68492A78063500ADBAF7 /* FollowersViewController.swift */,
			);
			path = ViewControllers;
			sourceTree = "<group>";
		};
		FAE618212A73ADF600115369 /* Delegates */ = {
			isa = PBXGroup;
			children = (
				FA803EB62A6306A300DBBBCC /* AppDelegate.swift */,
				FA803EB82A6306A300DBBBCC /* SceneDelegate.swift */,
			);
			path = Delegates;
			sourceTree = "<group>";
		};
		FAE618222A73AE0300115369 /* Storyboards */ = {
			isa = PBXGroup;
			children = (
				FA803EC12A6306A400DBBBCC /* LaunchScreen.storyboard */,
				FA803EBC2A6306A300DBBBCC /* Main.storyboard */,
			);
			path = Storyboards;
			sourceTree = "<group>";
		};
		FAE618232A73AE1300115369 /* Assets */ = {
			isa = PBXGroup;
			children = (
				FA803EBF2A6306A400DBBBCC /* Assets.xcassets */,
			);
			path = Assets;
			sourceTree = "<group>";
		};
/* End PBXGroup section */

/* Begin PBXNativeTarget section */
		FA803EB22A6306A300DBBBCC /* Github-Network-Call */ = {
			isa = PBXNativeTarget;
			buildConfigurationList = FA803EC72A6306A400DBBBCC /* Build configuration list for PBXNativeTarget "Github-Network-Call" */;
			buildPhases = (
				FA803EAF2A6306A300DBBBCC /* Sources */,
				FA803EB02A6306A300DBBBCC /* Frameworks */,
				FA803EB12A6306A300DBBBCC /* Resources */,
			);
			buildRules = (
			);
			dependencies = (
			);
			name = "Github-Network-Call";
			productName = "Github-Network-Call";
			productReference = FA803EB32A6306A300DBBBCC /* Github-Network-Call.app */;
			productType = "com.apple.product-type.application";
		};
/* End PBXNativeTarget section */

/* Begin PBXProject section */
		FA803EAB2A6306A300DBBBCC /* Project object */ = {
			isa = PBXProject;
			attributes = {
				BuildIndependentTargetsInParallel = 1;
				LastSwiftUpdateCheck = 1430;
				LastUpgradeCheck = 1430;
				TargetAttributes = {
					FA803EB22A6306A300DBBBCC = {
						CreatedOnToolsVersion = 14.3.1;
					};
				};
			};
			buildConfigurationList = FA803EAE2A6306A300DBBBCC /* Build configuration list for PBXProject "Github-Network-Call" */;
			compatibilityVersion = "Xcode 14.0";
			developmentRegion = en;
			hasScannedForEncodings = 0;
			knownRegions = (
				en,
				Base,
			);
			mainGroup = FA803EAA2A6306A300DBBBCC;
			productRefGroup = FA803EB42A6306A300DBBBCC /* Products */;
			projectDirPath = "";
			projectRoot = "";
			targets = (
				FA803EB22A6306A300DBBBCC /* Github-Network-Call */,
			);
		};
/* End PBXProject section */

/* Begin PBXResourcesBuildPhase section */
		FA803EB12A6306A300DBBBCC /* Resources */ = {
			isa = PBXResourcesBuildPhase;
			buildActionMask = 2147483647;
			files = (
				FA803EC32A6306A400DBBBCC /* LaunchScreen.storyboard in Resources */,
				FA803EC02A6306A400DBBBCC /* Assets.xcassets in Resources */,
				FA803EBE2A6306A300DBBBCC /* Main.storyboard in Resources */,
			);
			runOnlyForDeploymentPostprocessing = 0;
		};
/* End PBXResourcesBuildPhase section */

/* Begin PBXSourcesBuildPhase section */
		FA803EAF2A6306A300DBBBCC /* Sources */ = {
			isa = PBXSourcesBuildPhase;
			buildActionMask = 2147483647;
			files = (
				FA803EBB2A6306A300DBBBCC /* ViewController.swift in Sources */,
				FA803EB72A6306A300DBBBCC /* AppDelegate.swift in Sources */,
				FA1B684A2A78063500ADBAF7 /* FollowersViewController.swift in Sources */,
				FA803EB92A6306A300DBBBCC /* SceneDelegate.swift in Sources */,
				FAE618252A73AE3D00115369 /* DetailViewController.swift in Sources */,
			);
			runOnlyForDeploymentPostprocessing = 0;
		};
/* End PBXSourcesBuildPhase section */

/* Begin PBXVariantGroup section */
		FA803EBC2A6306A300DBBBCC /* Main.storyboard */ = {
			isa = PBXVariantGroup;
			children = (
				FA803EBD2A6306A300DBBBCC /* Base */,
			);
			name = Main.storyboard;
			sourceTree = "<group>";
		};
		FA803EC12A6306A400DBBBCC /* LaunchScreen.storyboard */ = {
			isa = PBXVariantGroup;
			children = (
				FA803EC22A6306A400DBBBCC /* Base */,
			);
			name = LaunchScreen.storyboard;
			sourceTree = "<group>";
		};
/* End PBXVariantGroup section */

/* Begin XCBuildConfiguration section */
		FA803EC52A6306A400DBBBCC /* Debug */ = {
			isa = XCBuildConfiguration;
			buildSettings = {
				ALWAYS_SEARCH_USER_PATHS = NO;
				CLANG_ANALYZER_NONNULL = YES;
				CLANG_ANALYZER_NUMBER_OBJECT_CONVERSION = YES_AGGRESSIVE;
				CLANG_CXX_LANGUAGE_STANDARD = "gnu++20";
				CLANG_ENABLE_MODULES = YES;
				CLANG_ENABLE_OBJC_ARC = YES;
				CLANG_ENABLE_OBJC_WEAK = YES;
				CLANG_WARN_BLOCK_CAPTURE_AUTORELEASING = YES;
				CLANG_WARN_BOOL_CONVERSION = YES;
				CLANG_WARN_COMMA = YES;
				CLANG_WARN_CONSTANT_CONVERSION = YES;
				CLANG_WARN_DEPRECATED_OBJC_IMPLEMENTATIONS = YES;
				CLANG_WARN_DIRECT_OBJC_ISA_USAGE = YES_ERROR;
				CLANG_WARN_DOCUMENTATION_COMMENTS = YES;
				CLANG_WARN_EMPTY_BODY = YES;
				CLANG_WARN_ENUM_CONVERSION = YES;
				CLANG_WARN_INFINITE_RECURSION = YES;
				CLANG_WARN_INT_CONVERSION = YES;
				CLANG_WARN_NON_LITERAL_NULL_CONVERSION = YES;
				CLANG_WARN_OBJC_IMPLICIT_RETAIN_SELF = YES;
				CLANG_WARN_OBJC_LITERAL_CONVERSION = YES;
				CLANG_WARN_OBJC_ROOT_CLASS = YES_ERROR;
				CLANG_WARN_QUOTED_INCLUDE_IN_FRAMEWORK_HEADER = YES;
				CLANG_WARN_RANGE_LOOP_ANALYSIS = YES;
				CLANG_WARN_STRICT_PROTOTYPES = YES;
				CLANG_WARN_SUSPICIOUS_MOVE = YES;
				CLANG_WARN_UNGUARDED_AVAILABILITY = YES_AGGRESSIVE;
				CLANG_WARN_UNREACHABLE_CODE = YES;
				CLANG_WARN__DUPLICATE_METHOD_MATCH = YES;
				COPY_PHASE_STRIP = NO;
				DEBUG_INFORMATION_FORMAT = dwarf;
				ENABLE_STRICT_OBJC_MSGSEND = YES;
				ENABLE_TESTABILITY = YES;
				GCC_C_LANGUAGE_STANDARD = gnu11;
				GCC_DYNAMIC_NO_PIC = NO;
				GCC_NO_COMMON_BLOCKS = YES;
				GCC_OPTIMIZATION_LEVEL = 0;
				GCC_PREPROCESSOR_DEFINITIONS = (
					"DEBUG=1",
					"$(inherited)",
				);
				GCC_WARN_64_TO_32_BIT_CONVERSION = YES;
				GCC_WARN_ABOUT_RETURN_TYPE = YES_ERROR;
				GCC_WARN_UNDECLARED_SELECTOR = YES;
				GCC_WARN_UNINITIALIZED_AUTOS = YES_AGGRESSIVE;
				GCC_WARN_UNUSED_FUNCTION = YES;
				GCC_WARN_UNUSED_VARIABLE = YES;
				IPHONEOS_DEPLOYMENT_TARGET = 16.4;
				MTL_ENABLE_DEBUG_INFO = INCLUDE_SOURCE;
				MTL_FAST_MATH = YES;
				ONLY_ACTIVE_ARCH = YES;
				SDKROOT = iphoneos;
				SWIFT_ACTIVE_COMPILATION_CONDITIONS = DEBUG;
				SWIFT_OPTIMIZATION_LEVEL = "-Onone";
			};
			name = Debug;
		};
		FA803EC62A6306A400DBBBCC /* Release */ = {
			isa = XCBuildConfiguration;
			buildSettings = {
				ALWAYS_SEARCH_USER_PATHS = NO;
				CLANG_ANALYZER_NONNULL = YES;
				CLANG_ANALYZER_NUMBER_OBJECT_CONVERSION = YES_AGGRESSIVE;
				CLANG_CXX_LANGUAGE_STANDARD = "gnu++20";
				CLANG_ENABLE_MODULES = YES;
				CLANG_ENABLE_OBJC_ARC = YES;
				CLANG_ENABLE_OBJC_WEAK = YES;
				CLANG_WARN_BLOCK_CAPTURE_AUTORELEASING = YES;
				CLANG_WARN_BOOL_CONVERSION = YES;
				CLANG_WARN_COMMA = YES;
				CLANG_WARN_CONSTANT_CONVERSION = YES;
				CLANG_WARN_DEPRECATED_OBJC_IMPLEMENTATIONS = YES;
				CLANG_WARN_DIRECT_OBJC_ISA_USAGE = YES_ERROR;
				CLANG_WARN_DOCUMENTATION_COMMENTS = YES;
				CLANG_WARN_EMPTY_BODY = YES;
				CLANG_WARN_ENUM_CONVERSION = YES;
				CLANG_WARN_INFINITE_RECURSION = YES;
				CLANG_WARN_INT_CONVERSION = YES;
				CLANG_WARN_NON_LITERAL_NULL_CONVERSION = YES;
				CLANG_WARN_OBJC_IMPLICIT_RETAIN_SELF = YES;
				CLANG_WARN_OBJC_LITERAL_CONVERSION = YES;
				CLANG_WARN_OBJC_ROOT_CLASS = YES_ERROR;
				CLANG_WARN_QUOTED_INCLUDE_IN_FRAMEWORK_HEADER = YES;
				CLANG_WARN_RANGE_LOOP_ANALYSIS = YES;
				CLANG_WARN_STRICT_PROTOTYPES = YES;
				CLANG_WARN_SUSPICIOUS_MOVE = YES;
				CLANG_WARN_UNGUARDED_AVAILABILITY = YES_AGGRESSIVE;
				CLANG_WARN_UNREACHABLE_CODE = YES;
				CLANG_WARN__DUPLICATE_METHOD_MATCH = YES;
				COPY_PHASE_STRIP = NO;
				DEBUG_INFORMATION_FORMAT = "dwarf-with-dsym";
				ENABLE_NS_ASSERTIONS = NO;
				ENABLE_STRICT_OBJC_MSGSEND = YES;
				GCC_C_LANGUAGE_STANDARD = gnu11;
				GCC_NO_COMMON_BLOCKS = YES;
				GCC_WARN_64_TO_32_BIT_CONVERSION = YES;
				GCC_WARN_ABOUT_RETURN_TYPE = YES_ERROR;
				GCC_WARN_UNDECLARED_SELECTOR = YES;
				GCC_WARN_UNINITIALIZED_AUTOS = YES_AGGRESSIVE;
				GCC_WARN_UNUSED_FUNCTION = YES;
				GCC_WARN_UNUSED_VARIABLE = YES;
				IPHONEOS_DEPLOYMENT_TARGET = 16.4;
				MTL_ENABLE_DEBUG_INFO = NO;
				MTL_FAST_MATH = YES;
				SDKROOT = iphoneos;
				SWIFT_COMPILATION_MODE = wholemodule;
				SWIFT_OPTIMIZATION_LEVEL = "-O";
				VALIDATE_PRODUCT = YES;
			};
			name = Release;
		};
		FA803EC82A6306A400DBBBCC /* Debug */ = {
			isa = XCBuildConfiguration;
			buildSettings = {
				ASSETCATALOG_COMPILER_APPICON_NAME = AppIcon;
				ASSETCATALOG_COMPILER_GLOBAL_ACCENT_COLOR_NAME = AccentColor;
				CODE_SIGN_STYLE = Automatic;
				CURRENT_PROJECT_VERSION = 1;
				DEVELOPMENT_TEAM = K8N5J6CUDK;
				GENERATE_INFOPLIST_FILE = YES;
				INFOPLIST_FILE = "Github-Network-Call/Info.plist";
				INFOPLIST_KEY_UIApplicationSupportsIndirectInputEvents = YES;
				INFOPLIST_KEY_UILaunchStoryboardName = LaunchScreen;
				INFOPLIST_KEY_UIMainStoryboardFile = Main;
				INFOPLIST_KEY_UISupportedInterfaceOrientations_iPad = "UIInterfaceOrientationPortrait UIInterfaceOrientationPortraitUpsideDown UIInterfaceOrientationLandscapeLeft UIInterfaceOrientationLandscapeRight";
				INFOPLIST_KEY_UISupportedInterfaceOrientations_iPhone = "UIInterfaceOrientationPortrait UIInterfaceOrientationLandscapeLeft UIInterfaceOrientationLandscapeRight";
				LD_RUNPATH_SEARCH_PATHS = (
					"$(inherited)",
					"@executable_path/Frameworks",
				);
				MARKETING_VERSION = 1.0;
				PRODUCT_BUNDLE_IDENTIFIER = "Alex.Github-Network-Call";
				PRODUCT_NAME = "$(TARGET_NAME)";
				SWIFT_EMIT_LOC_STRINGS = YES;
				SWIFT_VERSION = 5.0;
				TARGETED_DEVICE_FAMILY = "1,2";
			};
			name = Debug;
		};
		FA803EC92A6306A400DBBBCC /* Release */ = {
			isa = XCBuildConfiguration;
			buildSettings = {
				ASSETCATALOG_COMPILER_APPICON_NAME = AppIcon;
				ASSETCATALOG_COMPILER_GLOBAL_ACCENT_COLOR_NAME = AccentColor;
				CODE_SIGN_STYLE = Automatic;
				CURRENT_PROJECT_VERSION = 1;
				DEVELOPMENT_TEAM = K8N5J6CUDK;
				GENERATE_INFOPLIST_FILE = YES;
				INFOPLIST_FILE = "Github-Network-Call/Info.plist";
				INFOPLIST_KEY_UIApplicationSupportsIndirectInputEvents = YES;
				INFOPLIST_KEY_UILaunchStoryboardName = LaunchScreen;
				INFOPLIST_KEY_UIMainStoryboardFile = Main;
				INFOPLIST_KEY_UISupportedInterfaceOrientations_iPad = "UIInterfaceOrientationPortrait UIInterfaceOrientationPortraitUpsideDown UIInterfaceOrientationLandscapeLeft UIInterfaceOrientationLandscapeRight";
				INFOPLIST_KEY_UISupportedInterfaceOrientations_iPhone = "UIInterfaceOrientationPortrait UIInterfaceOrientationLandscapeLeft UIInterfaceOrientationLandscapeRight";
				LD_RUNPATH_SEARCH_PATHS = (
					"$(inherited)",
					"@executable_path/Frameworks",
				);
				MARKETING_VERSION = 1.0;
				PRODUCT_BUNDLE_IDENTIFIER = "Alex.Github-Network-Call";
				PRODUCT_NAME = "$(TARGET_NAME)";
				SWIFT_EMIT_LOC_STRINGS = YES;
				SWIFT_VERSION = 5.0;
				TARGETED_DEVICE_FAMILY = "1,2";
			};
			name = Release;
		};
/* End XCBuildConfiguration section */

/* Begin XCConfigurationList section */
		FA803EAE2A6306A300DBBBCC /* Build configuration list for PBXProject "Github-Network-Call" */ = {
			isa = XCConfigurationList;
			buildConfigurations = (
				FA803EC52A6306A400DBBBCC /* Debug */,
				FA803EC62A6306A400DBBBCC /* Release */,
			);
			defaultConfigurationIsVisible = 0;
			defaultConfigurationName = Release;
		};
		FA803EC72A6306A400DBBBCC /* Build configuration list for PBXNativeTarget "Github-Network-Call" */ = {
			isa = XCConfigurationList;
			buildConfigurations = (
				FA803EC82A6306A400DBBBCC /* Debug */,
				FA803EC92A6306A400DBBBCC /* Release */,
			);
			defaultConfigurationIsVisible = 0;
			defaultConfigurationName = Release;
		};
/* End XCConfigurationList section */
	};
	rootObject = FA803EAB2A6306A300DBBBCC /* Project object */;
}
